{
  "name": "@gmod/jbrowse-plugin-alignments",
  "version": "2.0.0",
  "lockfileVersion": 1,
  "requires": true,
  "dependencies": {
    "@types/color": {
      "version": "3.0.0",
      "resolved": "https://registry.npmjs.org/@types/color/-/color-3.0.0.tgz",
      "integrity": "sha512-5qqtNia+m2I0/85+pd2YzAXaTyKO8j+svirO5aN+XaQJ5+eZ8nx0jPtEWZLxCi50xwYsX10xUHetFzfb1WEs4Q==",
      "requires": {
        "@types/color-convert": "*"
      }
    },
    "@types/color-convert": {
      "version": "1.9.0",
      "resolved": "https://registry.npmjs.org/@types/color-convert/-/color-convert-1.9.0.tgz",
      "integrity": "sha512-OKGEfULrvSL2VRbkl/gnjjgbbF7ycIlpSsX7Nkab4MOWi5XxmgBYvuiQ7lcCFY5cPDz7MUNaKgxte2VRmtr4Fg==",
      "requires": {
        "@types/color-name": "*"
      }
    },
    "@types/color-name": {
      "version": "1.1.1",
      "resolved": "https://registry.npmjs.org/@types/color-name/-/color-name-1.1.1.tgz",
      "integrity": "sha512-rr+OQyAjxze7GgWrSaJwydHStIhHq2lvY3BOC2Mj7KnzI7XK0Uw1TOOdI9lDoajEbSWLiYgoo4f1R51erQfhPQ=="
    },
    "d3-array": {
      "version": "2.4.0",
      "resolved": "https://registry.npmjs.org/d3-array/-/d3-array-2.4.0.tgz",
      "integrity": "sha512-KQ41bAF2BMakf/HdKT865ALd4cgND6VcIztVQZUTt0+BH3RWy6ZYnHghVXf6NFjt2ritLr8H1T8LreAAlfiNcw=="
    },
    "d3-color": {
      "version": "1.4.0",
      "resolved": "https://registry.npmjs.org/d3-color/-/d3-color-1.4.0.tgz",
      "integrity": "sha512-TzNPeJy2+iEepfiL92LAAB7fvnp/dV2YwANPVHdDWmYMm23qIJBYww3qT8I8C1wXrmrg4UWs7BKc2tKIgyjzHg=="
    },
    "d3-format": {
      "version": "1.4.2",
      "resolved": "https://registry.npmjs.org/d3-format/-/d3-format-1.4.2.tgz",
      "integrity": "sha512-gco1Ih54PgMsyIXgttLxEhNy/mXxq8+rLnCb5shQk+P5TsiySrwWU5gpB4zen626J4LIwBxHvDChyA8qDm57ww=="
    },
    "d3-interpolate": {
      "version": "1.4.0",
      "resolved": "https://registry.npmjs.org/d3-interpolate/-/d3-interpolate-1.4.0.tgz",
      "integrity": "sha512-V9znK0zc3jOPV4VD2zZn0sDhZU3WAE2bmlxdIwwQPPzPjvyLkd8B3JUVdS1IDUFDkWZ72c9qnv1GK2ZagTZ8EA==",
      "requires": {
        "d3-color": "1"
      }
    },
    "d3-scale": {
      "version": "3.2.1",
      "resolved": "https://registry.npmjs.org/d3-scale/-/d3-scale-3.2.1.tgz",
      "integrity": "sha512-huz5byJO/6MPpz6Q8d4lg7GgSpTjIZW/l+1MQkzKfu2u8P6hjaXaStOpmyrD6ymKoW87d2QVFCKvSjLwjzx/rA==",
      "requires": {
        "d3-array": "1.2.0 - 2",
        "d3-format": "1",
        "d3-interpolate": "^1.2.0",
        "d3-time": "1",
        "d3-time-format": "2"
      }
    },
    "d3-time": {
      "version": "1.1.0",
      "resolved": "https://registry.npmjs.org/d3-time/-/d3-time-1.1.0.tgz",
      "integrity": "sha512-Xh0isrZ5rPYYdqhAVk8VLnMEidhz5aP7htAADH6MfzgmmicPkTo8LhkLxci61/lCB7n7UmE3bN0leRt+qvkLxA=="
    },
    "d3-time-format": {
      "version": "2.2.2",
      "resolved": "https://registry.npmjs.org/d3-time-format/-/d3-time-format-2.2.2.tgz",
      "integrity": "sha512-pweL2Ri2wqMY+wlW/wpkl8T3CUzKAha8S9nmiQlMABab8r5MJN0PD1V4YyRNVaKQfeh4Z0+VO70TLw6ESVOYzw==",
      "requires": {
        "d3-time": "1"
      }
    },
    "mobx": {
      "version": "5.15.2",
      "resolved": "https://registry.npmjs.org/mobx/-/mobx-5.15.2.tgz",
      "integrity": "sha512-eVmHGuSYd0ZU6x8gYMdgLEnCC9kfBJaf7/qJt+/yIxczVVUiVzHvTBjZH3xEa5FD5VJJSh1/Ba4SThE4ErEGjw=="
    },
    "react-d3-axis": {
      "version": "0.1.2",
      "resolved": "https://registry.npmjs.org/react-d3-axis/-/react-d3-axis-0.1.2.tgz",
      "integrity": "sha512-Id2C208SGcLcIfgrdl9ffgZKXtp3wELV7dC3HJVjim+J0IQiAaZo9APSnlvJE2kB90C7wJKlXdFI1bYPg7jytA=="
    }
  }
}
