{
  "name": "@gmod/jbrowse-core",
  "version": "2.0.0",
  "lockfileVersion": 1,
  "requires": true,
  "dependencies": {
    "@types/deep-equal": {
      "version": "1.0.1",
      "resolved": "https://registry.npmjs.org/@types/deep-equal/-/deep-equal-1.0.1.tgz",
      "integrity": "sha512-mMUu4nWHLBlHtxXY17Fg6+ucS/MnndyOWyOe7MmwkoMYxvfQU2ajtRaEvqSUv+aVkMqH/C0NCI8UoVfRNQ10yg=="
    }
  }
}
