# Diagram sources and the figures they rendered to. Written by `pnpm diagrams`.
#
# The figure bytes are in the store (see figures.lock); this file is what ties
# them to the source that produced them, so a source edited without a re-render
# fails CI instead of quietly serving the old picture.
#
# <source> <sha256 of source> <sha256 of rendered figure>
feature_plotting_threads.dot 55575cb354328046ba3aec84c03c803d1f2bb81f0b636a00ec423ab76021d968 bad5a32146e072ec93a8f12b256fa79ed0fd2801af6bbe891a133ca03af1ce60
fetch_chain.dot 8b65da78803f63912d66acd4a72a2fe44d089163f6c1c5c00379e793e833dc89 2a63f23d633c1ab051dd9e90bd14d62d47b9d78ffbe179a47ae0db0ed24199c1
gpu_display_lifecycle.dot c8a7b6a0c683c8f605a633a0efab343765526ec22cf886a90335ccf56eaa278b e576fa42833f71e0613d13b3eb63c285d046746d046ddf06a12023769e484f63
gpu_display_tldr.dot 678cff2d44316e2ee60f492497389ec024830c63f8b7694c1be80a991ca58c9f bd804d93c825d7e9936cfde61fe8928c954b7fe1f508b7fa6e0c0b8d5b3a8c90
inversion_pair_orientation.svg aa7b6350781e4f71b18067b8f4717d92c0ed50cb2085d7f86494273ff3d86053 fe467f5883632d53ca76ebd4c2019a77df83f3c3d5c8d73fb1ce4177da485aee
product_architecture.dot 543a40ca17558ce9e5d1efee5ffa5f29d17e95c0f9238edc06242291df6a7b6e d7b0e3ca78672e69ab13f266bf4411776a11884e124702368265f04be10b8bff
products_and_plugins.dot cd74f33003ff1cd8eea9d1690a2f027dc191739b23b6bc6c3b4a08ef3028936f 4bc4b36dca351b48e68690d9fcd9cc78aae77bcea8af763790d187f0bbb32957
rpc_lifecycle.dot b0151b9255d3e76cbc76f95a1017e7f07ff1936bd64d1766da08a77bc5dcffca b04453138eb4e37c180603bb571d59381fd667249e92027f8368eae98de9e644
wolfdog_ancestry_pipeline.dot 3c6dfa78117cec27acf5714e3c9ef43623709524aff9473a5a8c55404e81ad39 0a99e8519eae1e2de2ede7a7e29db22dca80e061ca3d005c71e1f2e8154e7cfe
