# Diagram sources and the figures they rendered to. Written by `pnpm diagrams`.
#
# The figure bytes are in the store (see figures.lock); this file is what ties
# them to the .dot that produced them, so a source edited without a re-render
# fails CI instead of quietly serving the old picture.
#
# <source> <sha256 of source> <sha256 of rendered figure>
feature_plotting_threads.dot 55575cb354328046ba3aec84c03c803d1f2bb81f0b636a00ec423ab76021d968 bad5a32146e072ec93a8f12b256fa79ed0fd2801af6bbe891a133ca03af1ce60
gpu_display_lifecycle.dot c8a7b6a0c683c8f605a633a0efab343765526ec22cf886a90335ccf56eaa278b e576fa42833f71e0613d13b3eb63c285d046746d046ddf06a12023769e484f63
product_architecture.dot 543a40ca17558ce9e5d1efee5ffa5f29d17e95c0f9238edc06242291df6a7b6e d7b0e3ca78672e69ab13f266bf4411776a11884e124702368265f04be10b8bff
products_and_plugins.dot cd74f33003ff1cd8eea9d1690a2f027dc191739b23b6bc6c3b4a08ef3028936f 4bc4b36dca351b48e68690d9fcd9cc78aae77bcea8af763790d187f0bbb32957
wolfdog_ancestry_pipeline.dot 3c6dfa78117cec27acf5714e3c9ef43623709524aff9473a5a8c55404e81ad39 0a99e8519eae1e2de2ede7a7e29db22dca80e061ca3d005c71e1f2e8154e7cfe
