# Diagram sources and the figures they rendered to. Written by `pnpm diagrams`.
#
# The figure bytes are in the store (see figures.lock); this file is what ties
# them to the source that produced them, so a source edited without a re-render
# fails CI instead of quietly serving the old picture.
#
# <source> <sha256 of source> <sha256 of rendered figure>
dataflow.dot 57c8b554e0dd245331e7ac6304d7ad8e16e7d0119074ce93cdf19eaaa7bf3777 788ee76cc10b07fb05a58593874b2d4154c9527d12bc176676b65abad1d0cb1e
display_autoruns.dot d30ba8660e37160e9632a1aee5ab45fa6d8e9697fc76e21d1ac3387d218dc971 d08bd2d493397de8181f45cee585b88f618ebc1d2a87bbfaa86499c456082231
feature_plotting_threads.dot c7058f9320ee21a1a494cec007842d9c8bf0ea22928dc42da69b0f89f0c9715c 187f37abe7d7f4be2ad9ef0131179f4672529d9b0a2fb4afc76577178d72da28
fetch_chain.dot 8b65da78803f63912d66acd4a72a2fe44d089163f6c1c5c00379e793e833dc89 2a63f23d633c1ab051dd9e90bd14d62d47b9d78ffbe179a47ae0db0ed24199c1
gpu_display_lifecycle.dot c579799a94ed26ae9f2e95606e7499665a18b24de574e43d53f168a1da5bf9c3 be90dbadf396d5fe66075d71b502112c712c7f0dc112645456eac8256ed54d70
gpu_display_tldr.dot c7933820d5c6d72d314d55a4bacfa42e109dd097426d878253e9f440727347f4 605fe38d422d37f2d51e4365e3fc277d6573d9ad3f6d181810938d0ad837570b
product_architecture.dot 543a40ca17558ce9e5d1efee5ffa5f29d17e95c0f9238edc06242291df6a7b6e d7b0e3ca78672e69ab13f266bf4411776a11884e124702368265f04be10b8bff
products_and_plugins.dot cd74f33003ff1cd8eea9d1690a2f027dc191739b23b6bc6c3b4a08ef3028936f 4bc4b36dca351b48e68690d9fcd9cc78aae77bcea8af763790d187f0bbb32957
render_rates.dot 0a1fcd8e7b0ecf6cfc599808bc2bb7bb2890ee10287fece4834d0cedc93fc152 6263da2ff483f425c2c60d3f3ccd78aa7945f658b041195cb057f8943ab2ca0b
rpc_lifecycle.dot a1291a1bd0717fd2a606803cbab78e5f351a894459bdb47fc759c65e65997f5c 2e41932cb5ccc15da084a0f1dfad39168f97509458a49d4630bad372d814c0f6
wolfdog_ancestry_pipeline.dot 3c6dfa78117cec27acf5714e3c9ef43623709524aff9473a5a8c55404e81ad39 0a99e8519eae1e2de2ede7a7e29db22dca80e061ca3d005c71e1f2e8154e7cfe
