# Media manifest — the bytes live in S3, this file is what git tracks. See
# website/scripts/media.ts for why, including what the docs deploy would
# otherwise delete.
#
# One line per file, sorted by path. A clip is three of them: the mp4, its
# poster frame and its caption track. `pnpm figures` drives this store beside
# the figure one, and `pnpm build` pulls what this file names before astro
# copies static/ into dist/.
#
# <path> <width>x<height> <bytes> <sha256>
website/static/media/config/settings_to_json.jpg 1920x860 145097 108a4dc9d626e694d2c5f04db4d0edda5057eb71258b686a32a4e9b54c69d303
website/static/media/config/settings_to_json.mp4 - 1041207 12ce620e5d228f4390c2f39c8b27252523486269eaf1566309c54a64e92116a5
website/static/media/config/settings_to_json.vtt - 551 c62fd730f50db388f2928fcf18bbf07c83144991e7bbb1645d2358b2f7930c3c
website/static/media/dog10k/igf1_cluster_route.jpg 1920x960 377493 8e5676019a9500767b28964f5daf85381cceffd42c3689a75b032bf196425901
website/static/media/dog10k/igf1_cluster_route.mp4 - 1259099 f17a69405405072570c56fff6183e5bb2fa634cc1ec0249b99c290d7a771b7e8
website/static/media/dog10k/igf1_cluster_route.vtt - 235 4162b4c6e18dc174563711715669ed740b248d4480aa6b65ffa6dbe4aa17e214
website/static/media/epigenomics/bisulfite_contexts.jpg 1920x848 342561 5f13db88e3334fc474bce37e811a4644a555c342b59abb8cddfed9f7609be16c
website/static/media/epigenomics/bisulfite_contexts.mp4 - 1969877 26ce4a1fe775733c618d4a5e3e480cc43bf443d302d6f53302ab95bd8247209b
website/static/media/epigenomics/bisulfite_contexts.vtt - 315 ef8f6c20db0c1dc3e5eb07c0f645eecdcbfcdb1b551d685525805939e8587f12
website/static/media/epigenomics/chromhmm_cluster.jpg 1920x890 353569 e2e6e734c3453c92b10cde94c612f46bbc36117407e4e156d35363b601ca8664
website/static/media/epigenomics/chromhmm_cluster.mp4 - 1077698 a9753b1d86ab87de0fb503484717ce9ebd4c4a41a9ae3cf73ec342008b170d13
website/static/media/epigenomics/chromhmm_cluster.vtt - 137 3868da4089d4a07a06ffb247953c3228b914025243d63e3fe2630b975bb09c4d
website/static/media/genomes_basics/find_a_track.jpg 1920x520 136195 fcac7553c8841371b8b73edf98244071fe3975fedf587d73e0673161a78940c8
website/static/media/genomes_basics/find_a_track.mp4 - 550138 e839cbbee625b93f6f073f82c584154b17dad39c4cc0d818567f7d275ca2b2d5
website/static/media/genomes_basics/find_a_track.vtt - 225 2b8643fa4443e8bf148638dbe367a93026724941f58759d8e18dfbe00e2bd5bb
website/static/media/genomes_basics/gnomad_filter.jpg 1920x640 147850 a002e4d5466e08a8ff38d913ad7b0081169d03e9c6240b08fdfdb0af6ea921e2
website/static/media/genomes_basics/gnomad_filter.mp4 - 901718 dc1612e697ca68c6ab92c95c19870d5d53256b8a950dc8e7f2c0d2406e27e0c9
website/static/media/genomes_basics/gnomad_filter.vtt - 175 b7cc9b7f78106f7f88d99c68face46c468180859055ef1e5c9807585738938e0
website/static/media/hic/two_regions.jpg 1920x1124 334892 d84eb78fd92ab7d8839e7804d77ba702b871b46e7b40472c5592f7bf8f33478a
website/static/media/hic/two_regions.mp4 - 2299233 89a1c6cdb53d660c72f6decc59dfe33754c903a5d119c563c7d1cd8fa9787527
website/static/media/hic/two_regions.vtt - 126 500f8dd142cf430000c9cea45d42da6b9da298bd65f8f8e40d922fd0a9049866
website/static/media/methylation/group_by_hp.jpg 1920x740 293189 85bb89232509c215dc930cc6d7652b47aa83cab8d1bf395e31a1c549bd47e663
website/static/media/methylation/group_by_hp.mp4 - 1589525 cb2e73a1e1cdd430874a2599ca744ea840ef091ba401f21a186cedfcb5835d3c
website/static/media/methylation/group_by_hp.vtt - 240 54ccbf0d2f456ff848d2ed837956e045dd3520223c239463a44ee8e0a188a1aa
website/static/media/pangenome/hprc_cluster_callset.jpg 1920x750 166228 1b8b01d246abc426220786ec98a9b88c66997fa0bf189699f5ea1bf45e8218bb
website/static/media/pangenome/hprc_cluster_callset.mp4 - 760634 9f60a5014ebfe29a4ffe61e7820b83522ff43eb668595e8af9a614fbb205d421
website/static/media/pangenome/hprc_cluster_callset.vtt - 157 b57b5fbea2417b30b59acd4363108e48625be5642978b6649538d8de50ae9f7b
website/static/media/pangenome/hprc_end_to_end.jpg 1920x1120 197586 91ae473ea4bab17c6216ca389130986d7bef181faf73cf74f1a06af3c0e7d5c6
website/static/media/pangenome/hprc_end_to_end.mp4 - 1026042 c6bb2a7ab374dde7c91056b7fc04733921adc24bc1f4c2be5f66a85792a58968
website/static/media/pangenome/hprc_end_to_end.vtt - 571 56e9ee534957488c39d97a920b2ad8aeca0015207d36725c176bcde0d63205dc
website/static/media/pangenome/pggb_layout_switch.jpg 1920x1250 188971 ecf10358378b495e25fb292856a4c2f2ee5523dfa2224b53e9fb78d53e2f0206
website/static/media/pangenome/pggb_layout_switch.mp4 - 267872 10bb5147f5a8225214be147b3a2f0479c5472de1438295e7ffd3838bec437478
website/static/media/pangenome/pggb_layout_switch.vtt - 90 7cca3aeaf834fb3adda1a9cf825e23d3f3ee8d8a0946d56ec3e645feca32b999
website/static/media/pangenome/pggb_out_to_strain.jpg 1920x1000 128268 dc12152dd24b92eb71c102ed9eebe0e7b153dca73c9e69f5765d31ef1dc91e49
website/static/media/pangenome/pggb_out_to_strain.mp4 - 204910 6cc6956b0b12c7ef67d07a44a776c3eabff2986f1232edc2eba52aaf073be78c
website/static/media/pangenome/pggb_out_to_strain.vtt - 106 ee84ac8dbcab80c17312c4a929a9820b6d567b93f270c6c536988396784a54d5
website/static/media/pangenome/pggb_subgraph_launch.jpg 1920x1110 166808 144ad49b620fa07ecdf030c1ec9801e178299a26735e08020879aef64a25bed5
website/static/media/pangenome/pggb_subgraph_launch.mp4 - 724259 6ece3b88cf1dcc05b21de81e48ff70142c78556fb75033154bc8e450d1830a64
website/static/media/pangenome/pggb_subgraph_launch.vtt - 403 de98e6da1227dfb1d975b9eff18bc5ea29d6a9807d1d24ba601cb2de89603030
website/static/media/pangenome/tier_to_fine.jpg 1920x810 177374 2e07eed0744f82d8a17ea6bb57c637ae9e525a94a718c58ab70c6e6b507d928d
website/static/media/pangenome/tier_to_fine.mp4 - 332576 18b7095a8e3b35f06b8c48834cbe7474c7b1b8ba381e0563dc6d4e04467659d9
website/static/media/pangenome/tier_to_fine.vtt - 161 99c504c536dc5774cad2ef32ee9ec594c550342abac3f5819d164d80a713e193
website/static/media/pangenome_cactus/subgraph_launch.jpg 1920x1110 169115 c232e173efe47489d2411ec912238cbee8cb79edd126ab5e2c8a28a7c13318bc
website/static/media/pangenome_cactus/subgraph_launch.mp4 - 734444 e497afb434e4ec4545e952510827add5753497569cb8446bca29fa14885cea15
website/static/media/pangenome_cactus/subgraph_launch.vtt - 403 573f42dbe5a7ad0ca8a81b59ba0de22d649ce033895f7595b81214c86fb91902
website/static/media/proteins/annotation_1d.jpg 1920x1046 344687 8490834f0db8f008dfd778d76162be31660c6a73e30a9faae92227c691b5835c
website/static/media/proteins/annotation_1d.mp4 - 1389604 22eb445509c15090ceb99a020eeb39512ca553ae0e08dd9ff57fe3f77265bb54
website/static/media/proteins/annotation_1d.vtt - 584 8ac3db09c39adf88c9bd768ad75c14bb685f8ddef42f0ba63cdd352b88e3c84f
website/static/media/proteins/gene_explorer.jpg 1920x1790 636009 025e39e3b1b5e171ae4c1de6d736ef283b5619b75dc96850147754eaa295f59d
website/static/media/proteins/gene_explorer.mp4 - 1381696 5b97f8c61eb7099cd852a80dc8af5e1e897a327c29c1a31c54a23768c4bfcafc
website/static/media/proteins/gene_explorer.vtt - 133 7e90095db368bf79f49000f04525e85dc72af8b5346fb62f389d4b294de31852
website/static/media/proteins/genomes_protein_launch.jpg 1920x1400 308719 63d3a21fc430bc993691a42270308ef9594612b37fbce32bde9e69c73d5d1b8f
website/static/media/proteins/genomes_protein_launch.mp4 - 1288247 d0ae11c07d2f9f3b4de44831db43376c8e73fbe20d851795427dd42243521e5b
website/static/media/proteins/genomes_protein_launch.vtt - 376 9f924abe672f02aa1adb98b70375b0709de03ef7d3a9bb9e5a4e142f69b29dda
website/static/media/proteins/tiled_views.jpg 1920x1100 224423 1e69f17ddb040ada5fcaeb25ece83f04164891b75c69417e82e2e6a840805049
website/static/media/proteins/tiled_views.mp4 - 1616904 f97fe7203555fa4a67ec221f64ba3f11e244f1bc9435fdeb68678b9da1ca6111
website/static/media/proteins/tiled_views.vtt - 731 a3b3cf8a0747500eb808608e3cf31af8f63d73ba0036d0630d099f32b7dafd15
website/static/media/qtl/painting_sort.jpg 1920x850 186756 8a7e18e215b8d01e0f78638d1a19334092a177b6500254431c490875fcc7bdc9
website/static/media/qtl/painting_sort.mp4 - 233899 65ce650b5a98eb1fa4beb24d65948703825dba1f31ff57266870bf80ac84a977
website/static/media/qtl/painting_sort.vtt - 125 057971bcc01ff9d4832b6feb48751aca63649797aa25caa433995984ac64f78c
website/static/media/repeats/painting_display_switch.jpg 1920x520 104981 8839922d233e5d613570bd5e2e940fdd1e81f4b5b58e1217181a1d3c7dbd7c5a
website/static/media/repeats/painting_display_switch.mp4 - 422785 ba1674024a9989a3adfe5f7ccdf3ad4d498964f64452046971349f400c0ea063
website/static/media/repeats/painting_display_switch.vtt - 267 7066115026fdb33fd081a95b1f82522edbf2b3c63c390cbab702c73bf4ebe4c2
website/static/media/sv/derivative_allele_route.jpg 1920x1340 397439 74dffdbb04c3952b834e9cffc92f11b03424126f03785dedfb4600d97dc1c8c9
website/static/media/sv/derivative_allele_route.mp4 - 1393054 b604cab619fa4febfb684f8b875b2672d8d8e574047c7383612d0384ce58a59d
website/static/media/sv/derivative_allele_route.vtt - 316 fa14c155fb54b50a8875d4f635c68e1b323e6733d97044d00f957326f6636fc7
website/static/media/sv/inspector_route.jpg 1920x640 145057 32f3d22a348ea6b2c5afed74a84caa61c33522dcbe2a8e9fbf908a29d8cbf3ca
website/static/media/sv/inspector_route.mp4 - 483112 7d7812082b86685fbbb4620538ff462a11dc8918e0cff57dd2319a17f103c38c
website/static/media/sv/inspector_route.vtt - 221 6f8ce0ac685c73c705c121469e45393277ab2f3830952a76dc004783d3f4fc63
website/static/media/sv/multisample_sort.jpg 1920x1236 254154 63acc721da469c4ba79fc14a65859591176022abc0b5b1a12955921563af200c
website/static/media/sv/multisample_sort.mp4 - 1342697 d39901d26eaf13e354a67ed1c3d989e00bf6509e4d05fb7ff3e765d3f49bed98
website/static/media/sv/multisample_sort.vtt - 276 9fe35a99d10ae243f57802b351c7520a4e0a93c54b8f9783b6aa915732faae21
website/static/media/sv_cgiab/copy_number_layout.jpg 1920x520 229179 9c8b1bc754e41bbae552b4b45b7d84f0c8bf9601812272e3615115231c3c5178
website/static/media/sv_cgiab/copy_number_layout.mp4 - 1034585 ffb662b3239c59b25111444637c166dac9f5e14b1abc7a9d6d888e1cade4ff82
website/static/media/sv_cgiab/copy_number_layout.vtt - 368 afd02989773aa9e2c159cd23c0bc44e5416ae9fc73732e77f676baefcd621cc9
website/static/media/synteny/allvsall_launch_from_selection.jpg 1920x640 109273 eac57f4833e6fd23355927a2cae1e5aa8ca0adeaf2d2ae967445315f8a9ff90b
website/static/media/synteny/allvsall_launch_from_selection.mp4 - 589529 eb004080a82617d9fe97edfbbcedfcb4ac0706b382d6062137c646ea70706db9
website/static/media/synteny/allvsall_launch_from_selection.vtt - 290 9176dde8aebdc381c47b21df76b6f5d9dba1d1a5952691c9061f890a01400f39
website/static/media/synteny/dotplot_reorder.jpg 1920x768 166519 e233cadddceebf646489c05b944171baf323cac9ce0bfb0c39fcce715fb29d21
website/static/media/synteny/dotplot_reorder.mp4 - 569571 97ad188c195eff7210383a8d858bc82c2e3860ac6c545566f61d9ae540dd2064
website/static/media/synteny/dotplot_reorder.vtt - 246 61ea320b2fc808c679898c75bea146a455343676c705304333d6544cad07d878
website/static/media/synteny/ecoli_roundtrip.jpg 1920x1410 149794 ea25547e70b8176bd17632902eac7ad3084e924b54ff8ba03192c85d2f9d9af9
website/static/media/synteny/ecoli_roundtrip.mp4 - 1456613 0ebc7c718ff45420c0829eff1bd3605acd9c5d33ccd7b0b60e393f72a10278c2
website/static/media/synteny/ecoli_roundtrip.vtt - 1026 4a23df30309c57316d478aa6521b1d6dea41075a6c72a5d13fc518beb95459a5
website/static/media/synteny/hg002_dotplot_import.jpg 1920x768 168699 a43df5d12fe8352ef9dac5815352b44390b7b51b8f45b6b5fbd69496b074f779
website/static/media/synteny/hg002_dotplot_import.mp4 - 586099 dd79e1ec6092067a2f15cfe2ebc83474942129953e2f9564923869abda176866
website/static/media/synteny/hg002_dotplot_import.vtt - 419 58f0df574c322a5edb1b7409652702ca49e58eb94e1d599a1e0aaa30c136d61c
website/static/media/synteny/hg002_follow_panels.jpg 1920x700 181557 8302292043acacce85f49c4f291570b11c1e0f220cc8c284e954f2df1934e636
website/static/media/synteny/hg002_follow_panels.mp4 - 2367507 44a650f61178c557bbe688a23bd2fb2533d229af5cc4ba563cfa3f0ffb083f20
website/static/media/synteny/hg002_follow_panels.vtt - 307 0bb4e6ea924c9cc747533436192c4aa7cd8b8e5796af523a73bccfd341d0a130
website/static/media/synteny/liftover_launch.jpg 1920x540 109568 bb29ab291bc7eda32febc7a8a60856822754c02de6fb142cd1b9b847795939e0
website/static/media/synteny/liftover_launch.mp4 - 540421 d93657ee4295ae3546e2aa96488319418524206c1b8990cfa952d196613f8020
website/static/media/synteny/liftover_launch.vtt - 324 8c1a84fa2a083b5a7c4ee92442d96059aec594bbffece2e9d840f0136d970ca8
website/static/media/synteny/maf_row_synteny.jpg 1920x1260 275172 707605fce06db0fce12aa81962d184cfae96cbd52dab10135fd3411eb240894e
website/static/media/synteny/maf_row_synteny.mp4 - 559900 8306aca147468ac6d7786bb41afa382a40dc1958a1d147cc878c85d18dc06840
website/static/media/synteny/maf_row_synteny.vtt - 349 60ea65b9a799f695e9c363eafcb774ce9a069f59d934d272005d18246b988227
website/static/media/synteny/multiway_launch_stack.jpg 1920x750 179138 71e96f8abb73c7a0313691cf108349902476f77b74a3811e0827c7527f0db5e2
website/static/media/synteny/multiway_launch_stack.mp4 - 912294 007ec13df68eb3b13704e72ad77e96107972fa2dcf2ace0f345739125ce92b77
website/static/media/synteny/multiway_launch_stack.vtt - 216 ac87810bdf6fb1890c264d39fcd05d1a9112add68b6af335649ec58e8cf268ab
website/static/media/synteny/multiway_zoom_out.jpg 1920x690 284570 97b4120b8a3329b02a8c18e88a19ec8c64e19c07b5c76f0de37c14335bed4587
website/static/media/synteny/multiway_zoom_out.mp4 - 1983957 292f973e6b367ca9b04193c23478259fdf09c2b12970d2c5401526ec4ee518d7
website/static/media/synteny/multiway_zoom_out.vtt - 157 0392dc33ef88001b635f824178a3bda7e1c1b6120edaa3655d09a40b8f0bba5c
website/static/media/synteny/restack_around_locus.jpg 1920x640 118351 b1f6d0ac4d0ea4aec4876616d94ab6ffff7cf024e92f4d592703225f96e7068c
website/static/media/synteny/restack_around_locus.mp4 - 713367 efeb6fd7b003a088df44ba530334b1111bdee8e7b08ede3848d8d78b15aa45d8
website/static/media/synteny/restack_around_locus.vtt - 305 55a71d13f5613d1311607d75bb25b4872074ab95dcaf3cf1ed541931bfd12bde
website/static/media/synteny/three_strain_import.jpg 1920x900 342708 b62f734f562100ddf0578d0f6514eb85b354551d1e62b09f57b7701861b7c127
website/static/media/synteny/three_strain_import.mp4 - 1314336 e652a21c163a2beed3c6193884ff3659a5c102633b9b926949cb10a2791efe07
website/static/media/synteny/three_strain_import.vtt - 636 f7d276876060e47817be621c46eb94e0e9cea31df430b4ddacd48fca54404e73
website/static/media/tcga/cohort_cnv_clustering.jpg 1920x910 123818 cc2abd280e510322dfe07e0f31fa0a1abc9ea4a7352718f34de143ac55a85f63
website/static/media/tcga/cohort_cnv_clustering.mp4 - 220360 7e5c5b121054d071aaa30ece0b280a5db4b53b2e0390ff4f39277cef6b0b7acb
website/static/media/tcga/cohort_cnv_clustering.vtt - 137 6be22e4cb891b28ba336970a2f57341789ba2fc45a638e0f699c8e2652fc7565
website/static/media/tcga/mutations_collapse_introns.jpg 1920x840 167494 2849ce91b51bff13b35233ab4b877203c876f59b2d38b8ff11588f6005bcdaeb
website/static/media/tcga/mutations_collapse_introns.mp4 - 679040 25ee0082abe9d307b0f836d2d58712b3e00bb35b6c56b28d7d039bbf49034b23
website/static/media/tcga/mutations_collapse_introns.vtt - 143 cba64bd57b930e8a3af6184221a01b60bac45d6b4365d610f4bda3d1c18d8032
website/static/media/ui/add_genome.jpg 1920x640 43005 cf9254b11a46571866e3be0028e9797b5e1fc4e5763907d857a43e0305e1e3e4
website/static/media/ui/add_genome.mp4 - 362435 b69e919cbe46e314d9ee8cec749fe3c182fd9e7d52da711bbfa1b3e89c8f3c63
website/static/media/ui/add_genome.vtt - 333 b5bcb2e41794112d8f5d3e1753910fb0f8c6829f18ff81bfed403fdd5d586deb
website/static/media/ui/bookmark_region.jpg 1920x360 85278 f45b99f260c2480af2dae73b8fde91a877d9f8a3033b414c7026767c3125cadb
website/static/media/ui/bookmark_region.mp4 - 521724 f8bfacae12d14888632178486bd136e9705485fce38f6f5123f19620c481ef77
website/static/media/ui/bookmark_region.vtt - 372 da25bae9c6976bb25558082c0816fd201cf5418e58ebddaecea5a08d3da04b79
website/static/media/ui/bulk_add_tracks.jpg 1920x900 290649 919848f0e016dee11081173f9b2bad0094252ff39682fdb55196a851598b498e
website/static/media/ui/bulk_add_tracks.mp4 - 916455 ca0912fba06e34cfbd57be6be3c342a9a0cb51861c7050b1d08aa79a25cc7741
website/static/media/ui/bulk_add_tracks.vtt - 175 22bf5346324c31a91a95145c96ed61886b4c88afa4c71bca434d0108c7fa61e1
website/static/media/ui/feature_sequence_types.jpg 1920x900 226365 fb7ec90a0f588d83868c1565f6f9ce556c8582d81f500353f9df0f6b201f23cd
website/static/media/ui/feature_sequence_types.mp4 - 850637 61aab7e4cd5e053dc15dccfe14297047805a023a9f71b8a4c93a6abfd2388d72
website/static/media/ui/feature_sequence_types.vtt - 281 414fedcd8cf2690f222453ecea6481099001823ed66fff218af3aff29c2bebd6
website/static/media/ui/open_track_url.jpg 1920x640 132604 3ec0e275f84f807bdb5b5d1245d5c7485bc50b2019236eb92868d7ae7161034c
website/static/media/ui/open_track_url.mp4 - 417491 3c1a3f31e8626aa8392edc54a60318e0a3bb7a2dde4ea328ee3735578f527aee
website/static/media/ui/open_track_url.vtt - 180 6453fe26e7dd400e0d31528a809b38a574552ec932bd6f8d398fba24d31ca3ce
website/static/media/ui/sequence_search_motifs.jpg 1920x700 110249 2519be4123c1db8cbaf05ef2dcaa4785ff44c7c5736a28e8ebe78b4203c111bf
website/static/media/ui/sequence_search_motifs.mp4 - 401499 8cc461bf45ccefe7d4471aa72152f32a2fd9d1df6056e49fce0e935b0a3ecaa5
website/static/media/ui/sequence_search_motifs.vtt - 220 78314e496dad4ce0856f547d203aa1220e4bb27e4be126e0403a7f657cc6a94e
website/static/media/variants/trio_phased_matrix.jpg 1920x620 212904 d5bbf9be2e391eeb763c523505759f972842ffe14e63653d499a4573a6e9432e
website/static/media/variants/trio_phased_matrix.mp4 - 785603 1f5b39e51dd960b10321a202e202aaa4e10fec9c2aa345de59d9082d26b15acb
website/static/media/variants/trio_phased_matrix.vtt - 319 759f12f2c9ff53470f9c38494b4c7463e18aef853c014d86a56fd7f8deacf7fd
