# Media manifest — the bytes live in S3, this file is what git tracks. See
# website/scripts/media.ts for why, including what the docs deploy would
# otherwise delete.
#
# One line per file, sorted by path. A clip is three of them: the mp4, its
# poster frame and its caption track. `pnpm figures` drives this store beside
# the figure one, and `pnpm build` pulls what this file names before astro
# copies static/ into dist/.
#
# <path> <width>x<height> <bytes> <sha256>
website/static/media/dog10k/igf1_cluster_route.jpg 1920x960 375899 8797aa9e418fb84ae02f95a68b272f7aa781ab76f10b295a7eb8bb8640469767
website/static/media/dog10k/igf1_cluster_route.mp4 - 1286750 f3b9bf1f24430327a378c4509321261d98800a7421db68516754b5db037aba40
website/static/media/dog10k/igf1_cluster_route.vtt - 235 fe78b77116faaa6acc6dae6693e7dd90a09cb6654b574aa231c4b721cb3763f7
website/static/media/hic/two_regions.jpg 1920x1124 339851 1b9bb375a3f55d9baf30d061deef04a5a45a7c5bf5f0aff292ac848fd4507a15
website/static/media/hic/two_regions.mp4 - 2093175 d2ea4c7fd7a38934af6dab9e2d5d20466b2e780791be7eed979ad4ee9017a863
website/static/media/hic/two_regions.vtt - 161 d926a28aeecdb05f5a9cbc12fb8fc0c00d47f904f8f764434a695059df8cf749
website/static/media/methylation/group_by_hp.jpg 1920x740 292455 806d5ba0d59712cb6134423b71bb33186143b9a02f52c0874269d2f84a1425ba
website/static/media/methylation/group_by_hp.mp4 - 1477584 22f90606998a35737adc602d61b0557f8e4c619ca70b08819c7ce61e0b1cb0c0
website/static/media/methylation/group_by_hp.vtt - 240 80e1061b5810a605f232b6af7f11e8abc5fb8f0fa5833b41116dcf500446dd8a
website/static/media/pangenome/hprc_cluster_callset.jpg 1920x750 168789 858ea357e99f71b78cc52827f58cf6ef81598c508107a41e44554f3547d30e67
website/static/media/pangenome/hprc_cluster_callset.mp4 - 746089 5658278b9dd5db84c37b501860de0bfc4a2cb3f4965d40adfec1edfaea67d22f
website/static/media/pangenome/hprc_cluster_callset.vtt - 157 1b150f77f4fadd484b4f2bb8bad5033e6aaa963b11947d93740ca3868f7ac600
website/static/media/pangenome/hprc_end_to_end.jpg 1920x1120 197230 c85e6e9ff62dc6511f156bc6f60cc3f29858334233f27c4265ce7112c1f17466
website/static/media/pangenome/hprc_end_to_end.mp4 - 1021777 d9260e8f8a9d62b98a21da9d7c2660f6b3155b8a9af0b3a9e8fa8850a0c4dba8
website/static/media/pangenome/hprc_end_to_end.vtt - 576 ddc7ecea90a5b127f6f175a5e85b95d5bd11a3145e4fccdf0da140f1a2135cd4
website/static/media/pangenome/pggb_layout_switch.jpg 1920x1250 199500 78466b58bb097e3ed241a732eec4203754c49f105381605cd70c7de021c2f932
website/static/media/pangenome/pggb_layout_switch.mp4 - 328296 ea0941c2b423412730c4d2d4ccf8ac90a8e833a668eaf04a26e9abd0b9d1219d
website/static/media/pangenome/pggb_layout_switch.vtt - 163 cf63b24a761feb20134b258b1a5b62f6874a7cd036ec658afaf7397b2d714794
website/static/media/pangenome/pggb_out_to_strain.jpg 1920x1000 127810 efde5cc8375cf11681ab809a682b1d54c438d587f8c8ad4251122d6aa69fe2b4
website/static/media/pangenome/pggb_out_to_strain.mp4 - 209115 556ef9618946216f8e49e3a499cb5f0ccc7ea4cddf81392a8efdfec8158467e6
website/static/media/pangenome/pggb_out_to_strain.vtt - 106 f821a3f9f6052e3ffe6834015e15d4e59239e9620ba27097837fa5ba4c66535f
website/static/media/pangenome/pggb_subgraph_launch.jpg 1920x1060 158220 c0a3bf33221fee3201f8116ca4aa5cac6c1accafba0f69db64ed01ab5b53566a
website/static/media/pangenome/pggb_subgraph_launch.mp4 - 246697 e8a593b3af66a0ba8c3e369e2607f3bb9979e89ff43a8715e18e404bc2b5a9fb
website/static/media/pangenome/pggb_subgraph_launch.vtt - 143 6955d5618d9fb659be402c7eb43dbe8ab7605ffa07bbfcb903e1c497a43c3efa
website/static/media/proteins/annotation_1d.jpg 1920x1046 341477 f66694b6e73ff86fab745de9771d9147ac77abd138b46eaad3d5846832dc493f
website/static/media/proteins/annotation_1d.mp4 - 1537694 8e531d7c1d767b9c35e13b9a2808384d0db640c43d7fbae0da24ac2c2ca8f427
website/static/media/proteins/annotation_1d.vtt - 618 d85a7277e7a53ef8f0f7dfe386d2c980b8e19368d7fbe3687c27a104d9676e49
website/static/media/proteins/gene_explorer.jpg 1920x1790 636009 025e39e3b1b5e171ae4c1de6d736ef283b5619b75dc96850147754eaa295f59d
website/static/media/proteins/gene_explorer.mp4 - 1381696 5b97f8c61eb7099cd852a80dc8af5e1e897a327c29c1a31c54a23768c4bfcafc
website/static/media/proteins/gene_explorer.vtt - 133 7e90095db368bf79f49000f04525e85dc72af8b5346fb62f389d4b294de31852
website/static/media/proteins/genomes_protein_launch.jpg 1920x1400 321934 bade8ec300919156210cedb5fe60adcfaee9fc763cc991ddfce0939eb7f80b3e
website/static/media/proteins/genomes_protein_launch.mp4 - 1291433 3607aec948fb48ba12346a4ab3293c69baa3d8506df1e4e1922b88a5b75cc676
website/static/media/proteins/genomes_protein_launch.vtt - 376 2ca100c2dd16c6c4628ad7c882100544d189bbfeb63baa68b859fb15dc795410
website/static/media/qtl/painting_sort.jpg 1920x850 187275 74ec8b33e01dd7e9153626629001f175479f0916ee7c3bdac5384c777b13257e
website/static/media/qtl/painting_sort.mp4 - 240696 e19a2e0a42162865b89542ff7a3bf67e572bc96eb3ed71c335e3cbbc236aae09
website/static/media/qtl/painting_sort.vtt - 125 0e706dfd2535b3b5e0946307dc93b8f9eee4abeb8b3a7c73ae64f20d3481a23f
website/static/media/repeats/painting_display_switch.jpg 1920x520 99673 c5bd1bc62eee8dc04e1979037b9a652fbf21580a437fe473e01ecc1e4ebecdba
website/static/media/repeats/painting_display_switch.mp4 - 415908 1b9f369b99ab92ce75196c109b045352342bb0a9350043371928634ad606b34c
website/static/media/repeats/painting_display_switch.vtt - 267 3c014994d6e30dfcc8b11f950bd10b59b0a26f8315b4f10d3b4e0426fff9e7f5
website/static/media/sv/derivative_allele_route.jpg 1920x1340 396248 f80a9a4eaee4dc86e453d262469a8e581ab788f06e9c9bc08744e6ab8f7c2601
website/static/media/sv/derivative_allele_route.mp4 - 1394762 ea44cd9c10ec69d94aa58f0c7c1389ef922c4bc2e6e8a49bf73fc1958f5afe0e
website/static/media/sv/derivative_allele_route.vtt - 321 c9ba78ab78b9529a4f7164f6558d08d5a8a9a707dd0e39facc1e55a53f372d7c
website/static/media/sv/inspector_route.jpg 1920x640 144102 52bd610fc8eae2b561a1d93871b12b5b04f9a989c8be69ad34c84af4ec6d1513
website/static/media/sv/inspector_route.mp4 - 487726 81b44b53c0f932592a1d127f5d65e7829f7258589e9927772d31c203ce1faca6
website/static/media/sv/inspector_route.vtt - 221 148621c2113f92c3a9b335adcd0262a400ee73c77e84e14cb106233ea3b9303d
website/static/media/synteny/dotplot_reorder.jpg 1920x768 166046 0aab8a2fb9b944df25fafb7620ac8f9c1c82bb2550bebb0715b2dc3ffe0f0ba6
website/static/media/synteny/dotplot_reorder.mp4 - 619184 3fd14611de7ebe589dd809e2953c5aa5db15c93a76d80456e4a95594087653b0
website/static/media/synteny/dotplot_reorder.vtt - 246 07c2fb7302f483a58dfc8b0752dfca7599a59b441feb92a3740d13009725f7f1
website/static/media/synteny/hg002_dotplot_import.jpg 1920x768 169704 6660797fbcefb386b4fe496e70468f59bd1b94b8f0bd4f78c0b398fdf028993f
website/static/media/synteny/hg002_dotplot_import.mp4 - 587962 d72fd1b06701626efbf6e5cfebb4d39c0e130367284bc722116f37d37dfad0f9
website/static/media/synteny/hg002_dotplot_import.vtt - 419 d2ec29ab16b78932a9878331237161d63493c85df4e159907bdcaaa926c9fa76
website/static/media/synteny/restack_around_locus.jpg 1920x640 118608 169277d31b27c4518921ef398c189d20a3ded109d5e673b8cebbb4787d676337
website/static/media/synteny/restack_around_locus.mp4 - 690949 3b828a5f8691762a86b9306aefdfba12fba620fdbc06c161e5f6442ef8cbf419
website/static/media/synteny/restack_around_locus.vtt - 305 40293a00363c3afc25f9b8e2ceaa25ca5584c7a9f5521723b30d448aa63f79d5
website/static/media/synteny/three_strain_import.jpg 1920x600 160589 dffeebb1aea9ef59b01f48e97c8eaba2bb8cc8ae27650339c219fdaa0a38ae23
website/static/media/synteny/three_strain_import.mp4 - 578869 298823320f3c3a26b4cfe2582f062cfe5095621530755150195e7543b6dc68ae
website/static/media/synteny/three_strain_import.vtt - 303 5c1de9877a8ecd1ca812523094a5458faeeb6112088f1df739c80aeef7f4ff77
website/static/media/tcga/cohort_cnv_clustering.jpg 1920x910 126071 a6ec18b457e8f11ae0bc2fd4d24d9c591507967de9589428cfa684c59ebea813
website/static/media/tcga/cohort_cnv_clustering.mp4 - 199672 2aedda5275693693cb66d1ed801fd6fcfd961d6fb137658116d7ef26a46016b9
website/static/media/tcga/cohort_cnv_clustering.vtt - 137 2fe8555d08a6ec3f3d6d37d9ec52f6f0acf2355fee8faddfc8dc8b93fc123c9b
website/static/media/tcga/mutations_collapse_introns.jpg 1920x840 168997 1835fd30a0fcfea03155698e4b99e84fb0d36def36885f3d086921587439da02
website/static/media/tcga/mutations_collapse_introns.mp4 - 685123 19d8a09d4321649691afd1209f5ec43089f3867b0a74e365c6db5c6f6c490020
website/static/media/tcga/mutations_collapse_introns.vtt - 143 e7b164af47723a02a02d25844e018bd5677b65299ef775ae55db54dd16c1fe99
website/static/media/ui/add_genome.jpg 1920x640 43053 7471598af329570a7d04d8a4fa55ee691051e494b7f5a62eafe369b7dc32f280
website/static/media/ui/add_genome.mp4 - 370253 9ad78a24cff1e87cca00716b22fe2ad7ab5e1853be1f50f9970b47738dc32dff
website/static/media/ui/add_genome.vtt - 358 f51e245c9d15b1041ac8cec6c4784ccf1aefec0408d766255e32e08a963089b7
website/static/media/ui/bookmark_region.jpg 1920x360 86206 1695ff458527b93eb0c2bc8ca9cc1543aca918641d1c34dc4a441186b4b14d36
website/static/media/ui/bookmark_region.mp4 - 485855 1f39a130e704d4a0bcd760f421e713041255be10991497e7fa06b675f6ec719c
website/static/media/ui/bookmark_region.vtt - 372 4f22bf2b88026057d74e81e3d13cb1c13955d182b707ff37e065f11295e806c4
website/static/media/ui/bulk_add_tracks.jpg 1920x900 291255 fc67637ba73a9e890ea95ce9b27c6e8f5a2ad5b15054d3d9ec24bfebbd0c2c11
website/static/media/ui/bulk_add_tracks.mp4 - 817228 68d1b8a63ab0d6ea7c0ea8c5f617b6feb4463878c9ae6dbc2cc5e82898800393
website/static/media/ui/bulk_add_tracks.vtt - 237 88fb403b2febb2feaa1771119e93f7a0a999185502fbc3b67a9dc9d49688990a
website/static/media/ui/feature_sequence_types.jpg 1920x900 225565 6e6d2fbc62fd52711bd78572dec3bc33b2289e993f3cd12f4a835b8c9fb00ae0
website/static/media/ui/feature_sequence_types.mp4 - 857472 3111631e9c46c6f2c6d625ee74198e50317e71fe803770996dd13ff425c852b2
website/static/media/ui/feature_sequence_types.vtt - 281 b4c1882ed7e769e6d227cb5ee049c738f7625597c93b0c8039f7789bc84ef573
website/static/media/ui/open_track_url.jpg 1920x640 132477 099c327092c099915e16200896945669255a81380794ca93df322414c885c75c
website/static/media/ui/open_track_url.mp4 - 429646 903cc6c8a8c2b890e21892c2e808bd9205db12c68a58b749df863ff3857fee70
website/static/media/ui/open_track_url.vtt - 180 a3802c3e4176e99c6b4c67b44faa0326356f0384d902bb6b9f0328d52350998d
website/static/media/ui/sequence_search_motifs.jpg 1920x700 110244 9df412ebe5cdc3959279cf851262859877210021c9e4c59e7cc8f279d480dd60
website/static/media/ui/sequence_search_motifs.mp4 - 410869 08b65d78dabd4a6b1f15beb05ee5331721a54c89b8a94b9a0298228622b35934
website/static/media/ui/sequence_search_motifs.vtt - 220 1d25f2ecb854e4c1686aa68164cff1ec5805e88cd112a69532fc6a95f463e42e
website/static/media/variants/trio_phased_matrix.jpg 1920x620 210672 0b0ae30a61ae827133be2dc5d5672cea86ca6447f79fe658fdc5e4f1161cb2e1
website/static/media/variants/trio_phased_matrix.mp4 - 797842 a0809ce228ed52375737a2b71526517e8e74c0a8e9a8fc2b2ae056097225a397
website/static/media/variants/trio_phased_matrix.vtt - 319 982ec94a46c72d439ae3afeb84ba5f209a1b887539454e8f598d80f76e7283e3
